{
  "name": "u-server",
  "version": "1.0.0",
  "lockfileVersion": 1,
  "requires": true,
  "dependencies": {
    "uWebSockets.js": {
      "version": "github:uNetworking/uWebSockets.js#e7552889a50a7ffa654c41c99a9bad46dd0024c5",
      "from": "github:uNetworking/uWebSockets.js#v15.11.0"
    }
  }
}
